<?xml version="1.0" encoding="utf-8"?>
<Project ToolsVersion="4.0" xmlns="http://schemas.microsoft.com/developer/msbuild/2003">
  <ItemGroup>
    <Filter Include="Source Files">
      <UniqueIdentifier>{4FC737F1-C7A5-4376-A066-2A32D752A2FF}</UniqueIdentifier>
      <Extensions>cpp;c;cc;cxx;def;odl;idl;hpj;bat;asm;asmx</Extensions>
    </Filter>
    <Filter Include="Header Files">
      <UniqueIdentifier>{93995380-89BD-4b04-88EB-625FBE52EBFB}</UniqueIdentifier>
      <Extensions>h;hpp;hxx;hm;inl;inc;xsd</Extensions>
    </Filter>
    <Filter Include="Header Files\Activate Funcs">
      <UniqueIdentifier>{9e71b0b7-0b5f-42eb-9fab-a3dbef551e4e}</UniqueIdentifier>
    </Filter>
    <Filter Include="Cuda">
      <UniqueIdentifier>{3680052e-6a7c-4117-b9ab-c11f9b44868b}</UniqueIdentifier>
    </Filter>
    <Filter Include="Util">
      <UniqueIdentifier>{8434f97e-b61b-4fd3-a940-2442f6711358}</UniqueIdentifier>
    </Filter>
    <Filter Include="Header Files\EXR">
      <UniqueIdentifier>{1e884462-4f8c-4dac-9791-4a083adbe388}</UniqueIdentifier>
    </Filter>
    <Filter Include="Source Files\EXR">
      <UniqueIdentifier>{22f691e7-1b27-4647-b26c-42e78424d22a}</UniqueIdentifier>
    </Filter>
    <Filter Include="Source Files\EXR\ImBase">
      <UniqueIdentifier>{759fe37f-108d-4c6c-8bae-1676eabb9065}</UniqueIdentifier>
    </Filter>
    <Filter Include="Header Files\EXR\ImBase">
      <UniqueIdentifier>{6565d526-02c6-4a00-a383-ff90674b4bc6}</UniqueIdentifier>
    </Filter>
    <Filter Include="Header Files\EXR\z-lib">
      <UniqueIdentifier>{6a3249c2-c18e-44d7-9c8b-17555ad2ef84}</UniqueIdentifier>
    </Filter>
    <Filter Include="Source Files\EXR\z-lib">
      <UniqueIdentifier>{7b083d26-3b7a-4cc4-b800-ba44abc7af1e}</UniqueIdentifier>
    </Filter>
  </ItemGroup>
  <ItemGroup>
    <Text Include="ReadMe.txt" />
  </ItemGroup>
  <ItemGroup>
    <ClInclude Include="stdafx.h">
      <Filter>Header Files</Filter>
    </ClInclude>
    <ClInclude Include="targetver.h">
      <Filter>Header Files</Filter>
    </ClInclude>
    <ClInclude Include="NeuralNet.h">
      <Filter>Header Files</Filter>
    </ClInclude>
    <ClInclude Include="LogsigFunc.h">
      <Filter>Header Files\Activate Funcs</Filter>
    </ClInclude>
    <ClInclude Include="ActivationFunc.h">
      <Filter>Header Files\Activate Funcs</Filter>
    </ClInclude>
    <ClInclude Include="LinearFunc.h">
      <Filter>Header Files\Activate Funcs</Filter>
    </ClInclude>
    <ClInclude Include="TansigFunc.h">
      <Filter>Header Files\Activate Funcs</Filter>
    </ClInclude>
    <ClInclude Include="MathFunctions.h">
      <Filter>Util</Filter>
    </ClInclude>
    <ClInclude Include="CImg.h">
      <Filter>Util</Filter>
    </ClInclude>
    <ClInclude Include="Matrix.h">
      <Filter>Util</Filter>
    </ClInclude>
    <ClInclude Include="Utilities.h">
      <Filter>Util</Filter>
    </ClInclude>
    <ClInclude Include="RectifierFunc.h">
      <Filter>Header Files\Activate Funcs</Filter>
    </ClInclude>
    <ClInclude Include="TanHFunc.h">
      <Filter>Header Files\Activate Funcs</Filter>
    </ClInclude>
    <ClInclude Include="NonNegLinearFunc.h">
      <Filter>Header Files\Activate Funcs</Filter>
    </ClInclude>
    <ClInclude Include="3rdparty\openexr-1.7.0\b44ExpLogTable.h">
      <Filter>Header Files\EXR</Filter>
    </ClInclude>
    <ClInclude Include="3rdparty\openexr-1.7.0\ImfAcesFile.h">
      <Filter>Header Files\EXR</Filter>
    </ClInclude>
    <ClInclude Include="3rdparty\openexr-1.7.0\ImfArray.h">
      <Filter>Header Files\EXR</Filter>
    </ClInclude>
    <ClInclude Include="3rdparty\openexr-1.7.0\ImfAttribute.h">
      <Filter>Header Files\EXR</Filter>
    </ClInclude>
    <ClInclude Include="3rdparty\openexr-1.7.0\ImfAutoArray.h">
      <Filter>Header Files\EXR</Filter>
    </ClInclude>
    <ClInclude Include="3rdparty\openexr-1.7.0\ImfB44Compressor.h">
      <Filter>Header Files\EXR</Filter>
    </ClInclude>
    <ClInclude Include="3rdparty\openexr-1.7.0\ImfBoxAttribute.h">
      <Filter>Header Files\EXR</Filter>
    </ClInclude>
    <ClInclude Include="3rdparty\openexr-1.7.0\ImfChannelList.h">
      <Filter>Header Files\EXR</Filter>
    </ClInclude>
    <ClInclude Include="3rdparty\openexr-1.7.0\ImfChannelListAttribute.h">
      <Filter>Header Files\EXR</Filter>
    </ClInclude>
    <ClInclude Include="3rdparty\openexr-1.7.0\ImfCheckedArithmetic.h">
      <Filter>Header Files\EXR</Filter>
    </ClInclude>
    <ClInclude Include="3rdparty\openexr-1.7.0\ImfChromaticities.h">
      <Filter>Header Files\EXR</Filter>
    </ClInclude>
    <ClInclude Include="3rdparty\openexr-1.7.0\ImfChromaticitiesAttribute.h">
      <Filter>Header Files\EXR</Filter>
    </ClInclude>
    <ClInclude Include="3rdparty\openexr-1.7.0\ImfCompression.h">
      <Filter>Header Files\EXR</Filter>
    </ClInclude>
    <ClInclude Include="3rdparty\openexr-1.7.0\ImfCompressionAttribute.h">
      <Filter>Header Files\EXR</Filter>
    </ClInclude>
    <ClInclude Include="3rdparty\openexr-1.7.0\ImfCompressor.h">
      <Filter>Header Files\EXR</Filter>
    </ClInclude>
    <ClInclude Include="3rdparty\openexr-1.7.0\ImfConvert.h">
      <Filter>Header Files\EXR</Filter>
    </ClInclude>
    <ClInclude Include="3rdparty\openexr-1.7.0\ImfCRgbaFile.h">
      <Filter>Header Files\EXR</Filter>
    </ClInclude>
    <ClInclude Include="3rdparty\openexr-1.7.0\ImfDoubleAttribute.h">
      <Filter>Header Files\EXR</Filter>
    </ClInclude>
    <ClInclude Include="3rdparty\openexr-1.7.0\ImfEnvmap.h">
      <Filter>Header Files\EXR</Filter>
    </ClInclude>
    <ClInclude Include="3rdparty\openexr-1.7.0\ImfEnvmapAttribute.h">
      <Filter>Header Files\EXR</Filter>
    </ClInclude>
    <ClInclude Include="3rdparty\openexr-1.7.0\ImfFloatAttribute.h">
      <Filter>Header Files\EXR</Filter>
    </ClInclude>
    <ClInclude Include="3rdparty\openexr-1.7.0\ImfFrameBuffer.h">
      <Filter>Header Files\EXR</Filter>
    </ClInclude>
    <ClInclude Include="3rdparty\openexr-1.7.0\ImfFramesPerSecond.h">
      <Filter>Header Files\EXR</Filter>
    </ClInclude>
    <ClInclude Include="3rdparty\openexr-1.7.0\ImfHeader.h">
      <Filter>Header Files\EXR</Filter>
    </ClInclude>
    <ClInclude Include="3rdparty\openexr-1.7.0\ImfHuf.h">
      <Filter>Header Files\EXR</Filter>
    </ClInclude>
    <ClInclude Include="3rdparty\openexr-1.7.0\ImfInputFile.h">
      <Filter>Header Files\EXR</Filter>
    </ClInclude>
    <ClInclude Include="3rdparty\openexr-1.7.0\ImfInt64.h">
      <Filter>Header Files\EXR</Filter>
    </ClInclude>
    <ClInclude Include="3rdparty\openexr-1.7.0\ImfIntAttribute.h">
      <Filter>Header Files\EXR</Filter>
    </ClInclude>
    <ClInclude Include="3rdparty\openexr-1.7.0\ImfIO.h">
      <Filter>Header Files\EXR</Filter>
    </ClInclude>
    <ClInclude Include="3rdparty\openexr-1.7.0\ImfKeyCode.h">
      <Filter>Header Files\EXR</Filter>
    </ClInclude>
    <ClInclude Include="3rdparty\openexr-1.7.0\ImfKeyCodeAttribute.h">
      <Filter>Header Files\EXR</Filter>
    </ClInclude>
    <ClInclude Include="3rdparty\openexr-1.7.0\ImfLineOrder.h">
      <Filter>Header Files\EXR</Filter>
    </ClInclude>
    <ClInclude Include="3rdparty\openexr-1.7.0\ImfLineOrderAttribute.h">
      <Filter>Header Files\EXR</Filter>
    </ClInclude>
    <ClInclude Include="3rdparty\openexr-1.7.0\ImfLut.h">
      <Filter>Header Files\EXR</Filter>
    </ClInclude>
    <ClInclude Include="3rdparty\openexr-1.7.0\ImfMatrixAttribute.h">
      <Filter>Header Files\EXR</Filter>
    </ClInclude>
    <ClInclude Include="3rdparty\openexr-1.7.0\ImfMisc.h">
      <Filter>Header Files\EXR</Filter>
    </ClInclude>
    <ClInclude Include="3rdparty\openexr-1.7.0\ImfMultiView.h">
      <Filter>Header Files\EXR</Filter>
    </ClInclude>
    <ClInclude Include="3rdparty\openexr-1.7.0\ImfName.h">
      <Filter>Header Files\EXR</Filter>
    </ClInclude>
    <ClInclude Include="3rdparty\openexr-1.7.0\ImfOpaqueAttribute.h">
      <Filter>Header Files\EXR</Filter>
    </ClInclude>
    <ClInclude Include="3rdparty\openexr-1.7.0\ImfOutputFile.h">
      <Filter>Header Files\EXR</Filter>
    </ClInclude>
    <ClInclude Include="3rdparty\openexr-1.7.0\ImfPixelType.h">
      <Filter>Header Files\EXR</Filter>
    </ClInclude>
    <ClInclude Include="3rdparty\openexr-1.7.0\ImfPizCompressor.h">
      <Filter>Header Files\EXR</Filter>
    </ClInclude>
    <ClInclude Include="3rdparty\openexr-1.7.0\ImfPreviewImage.h">
      <Filter>Header Files\EXR</Filter>
    </ClInclude>
    <ClInclude Include="3rdparty\openexr-1.7.0\ImfPreviewImageAttribute.h">
      <Filter>Header Files\EXR</Filter>
    </ClInclude>
    <ClInclude Include="3rdparty\openexr-1.7.0\ImfPxr24Compressor.h">
      <Filter>Header Files\EXR</Filter>
    </ClInclude>
    <ClInclude Include="3rdparty\openexr-1.7.0\ImfRational.h">
      <Filter>Header Files\EXR</Filter>
    </ClInclude>
    <ClInclude Include="3rdparty\openexr-1.7.0\ImfRationalAttribute.h">
      <Filter>Header Files\EXR</Filter>
    </ClInclude>
    <ClInclude Include="3rdparty\openexr-1.7.0\ImfRgba.h">
      <Filter>Header Files\EXR</Filter>
    </ClInclude>
    <ClInclude Include="3rdparty\openexr-1.7.0\ImfRgbaFile.h">
      <Filter>Header Files\EXR</Filter>
    </ClInclude>
    <ClInclude Include="3rdparty\openexr-1.7.0\ImfRgbaYca.h">
      <Filter>Header Files\EXR</Filter>
    </ClInclude>
    <ClInclude Include="3rdparty\openexr-1.7.0\ImfRleCompressor.h">
      <Filter>Header Files\EXR</Filter>
    </ClInclude>
    <ClInclude Include="3rdparty\openexr-1.7.0\ImfScanLineInputFile.h">
      <Filter>Header Files\EXR</Filter>
    </ClInclude>
    <ClInclude Include="3rdparty\openexr-1.7.0\ImfStandardAttributes.h">
      <Filter>Header Files\EXR</Filter>
    </ClInclude>
    <ClInclude Include="3rdparty\openexr-1.7.0\ImfStdIO.h">
      <Filter>Header Files\EXR</Filter>
    </ClInclude>
    <ClInclude Include="3rdparty\openexr-1.7.0\ImfStringAttribute.h">
      <Filter>Header Files\EXR</Filter>
    </ClInclude>
    <ClInclude Include="3rdparty\openexr-1.7.0\ImfStringVectorAttribute.h">
      <Filter>Header Files\EXR</Filter>
    </ClInclude>
    <ClInclude Include="3rdparty\openexr-1.7.0\ImfTestFile.h">
      <Filter>Header Files\EXR</Filter>
    </ClInclude>
    <ClInclude Include="3rdparty\openexr-1.7.0\ImfThreading.h">
      <Filter>Header Files\EXR</Filter>
    </ClInclude>
    <ClInclude Include="3rdparty\openexr-1.7.0\ImfTileDescription.h">
      <Filter>Header Files\EXR</Filter>
    </ClInclude>
    <ClInclude Include="3rdparty\openexr-1.7.0\ImfTileDescriptionAttribute.h">
      <Filter>Header Files\EXR</Filter>
    </ClInclude>
    <ClInclude Include="3rdparty\openexr-1.7.0\ImfTiledInputFile.h">
      <Filter>Header Files\EXR</Filter>
    </ClInclude>
    <ClInclude Include="3rdparty\openexr-1.7.0\ImfTiledMisc.h">
      <Filter>Header Files\EXR</Filter>
    </ClInclude>
    <ClInclude Include="3rdparty\openexr-1.7.0\ImfTiledOutputFile.h">
      <Filter>Header Files\EXR</Filter>
    </ClInclude>
    <ClInclude Include="3rdparty\openexr-1.7.0\ImfTiledRgbaFile.h">
      <Filter>Header Files\EXR</Filter>
    </ClInclude>
    <ClInclude Include="3rdparty\openexr-1.7.0\ImfTileOffsets.h">
      <Filter>Header Files\EXR</Filter>
    </ClInclude>
    <ClInclude Include="3rdparty\openexr-1.7.0\ImfTimeCode.h">
      <Filter>Header Files\EXR</Filter>
    </ClInclude>
    <ClInclude Include="3rdparty\openexr-1.7.0\ImfTimeCodeAttribute.h">
      <Filter>Header Files\EXR</Filter>
    </ClInclude>
    <ClInclude Include="3rdparty\openexr-1.7.0\ImfVecAttribute.h">
      <Filter>Header Files\EXR</Filter>
    </ClInclude>
    <ClInclude Include="3rdparty\openexr-1.7.0\ImfVersion.h">
      <Filter>Header Files\EXR</Filter>
    </ClInclude>
    <ClInclude Include="3rdparty\openexr-1.7.0\ImfWav.h">
      <Filter>Header Files\EXR</Filter>
    </ClInclude>
    <ClInclude Include="3rdparty\openexr-1.7.0\ImfXdr.h">
      <Filter>Header Files\EXR</Filter>
    </ClInclude>
    <ClInclude Include="3rdparty\openexr-1.7.0\ImfZipCompressor.h">
      <Filter>Header Files\EXR</Filter>
    </ClInclude>
    <ClInclude Include="3rdparty\openexr-1.7.0\OpenEXRConfig.h">
      <Filter>Header Files\EXR</Filter>
    </ClInclude>
    <ClInclude Include="WriteEXR.h">
      <Filter>Header Files</Filter>
    </ClInclude>
    <ClInclude Include="3rdparty\ilmbase-1.0.2\eLut.h">
      <Filter>Header Files\EXR\ImBase</Filter>
    </ClInclude>
    <ClInclude Include="3rdparty\ilmbase-1.0.2\half.h">
      <Filter>Header Files\EXR\ImBase</Filter>
    </ClInclude>
    <ClInclude Include="3rdparty\ilmbase-1.0.2\halfFunction.h">
      <Filter>Header Files\EXR\ImBase</Filter>
    </ClInclude>
    <ClInclude Include="3rdparty\ilmbase-1.0.2\halfLimits.h">
      <Filter>Header Files\EXR\ImBase</Filter>
    </ClInclude>
    <ClInclude Include="3rdparty\ilmbase-1.0.2\Iex.h">
      <Filter>Header Files\EXR\ImBase</Filter>
    </ClInclude>
    <ClInclude Include="3rdparty\ilmbase-1.0.2\IexBaseExc.h">
      <Filter>Header Files\EXR\ImBase</Filter>
    </ClInclude>
    <ClInclude Include="3rdparty\ilmbase-1.0.2\IexErrnoExc.h">
      <Filter>Header Files\EXR\ImBase</Filter>
    </ClInclude>
    <ClInclude Include="3rdparty\ilmbase-1.0.2\IexMacros.h">
      <Filter>Header Files\EXR\ImBase</Filter>
    </ClInclude>
    <ClInclude Include="3rdparty\ilmbase-1.0.2\IexMathExc.h">
      <Filter>Header Files\EXR\ImBase</Filter>
    </ClInclude>
    <ClInclude Include="3rdparty\ilmbase-1.0.2\IexThrowErrnoExc.h">
      <Filter>Header Files\EXR\ImBase</Filter>
    </ClInclude>
    <ClInclude Include="3rdparty\ilmbase-1.0.2\IlmBaseConfig.h">
      <Filter>Header Files\EXR\ImBase</Filter>
    </ClInclude>
    <ClInclude Include="3rdparty\ilmbase-1.0.2\IlmThread.h">
      <Filter>Header Files\EXR\ImBase</Filter>
    </ClInclude>
    <ClInclude Include="3rdparty\ilmbase-1.0.2\IlmThreadMutex.h">
      <Filter>Header Files\EXR\ImBase</Filter>
    </ClInclude>
    <ClInclude Include="3rdparty\ilmbase-1.0.2\IlmThreadPool.h">
      <Filter>Header Files\EXR\ImBase</Filter>
    </ClInclude>
    <ClInclude Include="3rdparty\ilmbase-1.0.2\IlmThreadSemaphore.h">
      <Filter>Header Files\EXR\ImBase</Filter>
    </ClInclude>
    <ClInclude Include="3rdparty\ilmbase-1.0.2\ImathBox.h">
      <Filter>Header Files\EXR\ImBase</Filter>
    </ClInclude>
    <ClInclude Include="3rdparty\ilmbase-1.0.2\ImathBoxAlgo.h">
      <Filter>Header Files\EXR\ImBase</Filter>
    </ClInclude>
    <ClInclude Include="3rdparty\ilmbase-1.0.2\ImathColor.h">
      <Filter>Header Files\EXR\ImBase</Filter>
    </ClInclude>
    <ClInclude Include="3rdparty\ilmbase-1.0.2\ImathColorAlgo.h">
      <Filter>Header Files\EXR\ImBase</Filter>
    </ClInclude>
    <ClInclude Include="3rdparty\ilmbase-1.0.2\ImathEuler.h">
      <Filter>Header Files\EXR\ImBase</Filter>
    </ClInclude>
    <ClInclude Include="3rdparty\ilmbase-1.0.2\ImathExc.h">
      <Filter>Header Files\EXR\ImBase</Filter>
    </ClInclude>
    <ClInclude Include="3rdparty\ilmbase-1.0.2\ImathFrame.h">
      <Filter>Header Files\EXR\ImBase</Filter>
    </ClInclude>
    <ClInclude Include="3rdparty\ilmbase-1.0.2\ImathFrustum.h">
      <Filter>Header Files\EXR\ImBase</Filter>
    </ClInclude>
    <ClInclude Include="3rdparty\ilmbase-1.0.2\ImathFun.h">
      <Filter>Header Files\EXR\ImBase</Filter>
    </ClInclude>
    <ClInclude Include="3rdparty\ilmbase-1.0.2\ImathGL.h">
      <Filter>Header Files\EXR\ImBase</Filter>
    </ClInclude>
    <ClInclude Include="3rdparty\ilmbase-1.0.2\ImathGLU.h">
      <Filter>Header Files\EXR\ImBase</Filter>
    </ClInclude>
    <ClInclude Include="3rdparty\ilmbase-1.0.2\ImathHalfLimits.h">
      <Filter>Header Files\EXR\ImBase</Filter>
    </ClInclude>
    <ClInclude Include="3rdparty\ilmbase-1.0.2\ImathInt64.h">
      <Filter>Header Files\EXR\ImBase</Filter>
    </ClInclude>
    <ClInclude Include="3rdparty\ilmbase-1.0.2\ImathInterval.h">
      <Filter>Header Files\EXR\ImBase</Filter>
    </ClInclude>
    <ClInclude Include="3rdparty\ilmbase-1.0.2\ImathLimits.h">
      <Filter>Header Files\EXR\ImBase</Filter>
    </ClInclude>
    <ClInclude Include="3rdparty\ilmbase-1.0.2\ImathLine.h">
      <Filter>Header Files\EXR\ImBase</Filter>
    </ClInclude>
    <ClInclude Include="3rdparty\ilmbase-1.0.2\ImathLineAlgo.h">
      <Filter>Header Files\EXR\ImBase</Filter>
    </ClInclude>
    <ClInclude Include="3rdparty\ilmbase-1.0.2\ImathMath.h">
      <Filter>Header Files\EXR\ImBase</Filter>
    </ClInclude>
    <ClInclude Include="3rdparty\ilmbase-1.0.2\ImathMatrix.h">
      <Filter>Header Files\EXR\ImBase</Filter>
    </ClInclude>
    <ClInclude Include="3rdparty\ilmbase-1.0.2\ImathMatrixAlgo.h">
      <Filter>Header Files\EXR\ImBase</Filter>
    </ClInclude>
    <ClInclude Include="3rdparty\ilmbase-1.0.2\ImathPlane.h">
      <Filter>Header Files\EXR\ImBase</Filter>
    </ClInclude>
    <ClInclude Include="3rdparty\ilmbase-1.0.2\ImathPlatform.h">
      <Filter>Header Files\EXR\ImBase</Filter>
    </ClInclude>
    <ClInclude Include="3rdparty\ilmbase-1.0.2\ImathQuat.h">
      <Filter>Header Files\EXR\ImBase</Filter>
    </ClInclude>
    <ClInclude Include="3rdparty\ilmbase-1.0.2\ImathRandom.h">
      <Filter>Header Files\EXR\ImBase</Filter>
    </ClInclude>
    <ClInclude Include="3rdparty\ilmbase-1.0.2\ImathRoots.h">
      <Filter>Header Files\EXR\ImBase</Filter>
    </ClInclude>
    <ClInclude Include="3rdparty\ilmbase-1.0.2\ImathShear.h">
      <Filter>Header Files\EXR\ImBase</Filter>
    </ClInclude>
    <ClInclude Include="3rdparty\ilmbase-1.0.2\ImathSphere.h">
      <Filter>Header Files\EXR\ImBase</Filter>
    </ClInclude>
    <ClInclude Include="3rdparty\ilmbase-1.0.2\ImathVec.h">
      <Filter>Header Files\EXR\ImBase</Filter>
    </ClInclude>
    <ClInclude Include="3rdparty\ilmbase-1.0.2\ImathVecAlgo.h">
      <Filter>Header Files\EXR\ImBase</Filter>
    </ClInclude>
    <ClInclude Include="3rdparty\ilmbase-1.0.2\toFloat.h">
      <Filter>Header Files\EXR\ImBase</Filter>
    </ClInclude>
    <ClInclude Include="3rdparty\zlib-1.2.5\crc32.h">
      <Filter>Header Files\EXR\z-lib</Filter>
    </ClInclude>
    <ClInclude Include="3rdparty\zlib-1.2.5\deflate.h">
      <Filter>Header Files\EXR\z-lib</Filter>
    </ClInclude>
    <ClInclude Include="3rdparty\zlib-1.2.5\gzguts.h">
      <Filter>Header Files\EXR\z-lib</Filter>
    </ClInclude>
    <ClInclude Include="3rdparty\zlib-1.2.5\inffast.h">
      <Filter>Header Files\EXR\z-lib</Filter>
    </ClInclude>
    <ClInclude Include="3rdparty\zlib-1.2.5\inffixed.h">
      <Filter>Header Files\EXR\z-lib</Filter>
    </ClInclude>
    <ClInclude Include="3rdparty\zlib-1.2.5\inflate.h">
      <Filter>Header Files\EXR\z-lib</Filter>
    </ClInclude>
    <ClInclude Include="3rdparty\zlib-1.2.5\inftrees.h">
      <Filter>Header Files\EXR\z-lib</Filter>
    </ClInclude>
    <ClInclude Include="3rdparty\zlib-1.2.5\trees.h">
      <Filter>Header Files\EXR\z-lib</Filter>
    </ClInclude>
    <ClInclude Include="3rdparty\zlib-1.2.5\zconf.h">
      <Filter>Header Files\EXR\z-lib</Filter>
    </ClInclude>
    <ClInclude Include="3rdparty\zlib-1.2.5\zlib.h">
      <Filter>Header Files\EXR\z-lib</Filter>
    </ClInclude>
    <ClInclude Include="3rdparty\zlib-1.2.5\zutil.h">
      <Filter>Header Files\EXR\z-lib</Filter>
    </ClInclude>
  </ItemGroup>
  <ItemGroup>
    <ClCompile Include="stdafx.cpp">
      <Filter>Source Files</Filter>
    </ClCompile>
    <ClCompile Include="NeuralNet.cpp">
      <Filter>Source Files</Filter>
    </ClCompile>
    <ClCompile Include="Utilities.cpp">
      <Filter>Util</Filter>
    </ClCompile>
    <ClCompile Include="MathFunctions.cpp">
      <Filter>Util</Filter>
    </ClCompile>
    <ClCompile Include="3rdparty\openexr-1.7.0\b44ExpLogTable.cpp">
      <Filter>Source Files\EXR</Filter>
    </ClCompile>
    <ClCompile Include="3rdparty\openexr-1.7.0\ImfAcesFile.cpp">
      <Filter>Source Files\EXR</Filter>
    </ClCompile>
    <ClCompile Include="3rdparty\openexr-1.7.0\ImfAttribute.cpp">
      <Filter>Source Files\EXR</Filter>
    </ClCompile>
    <ClCompile Include="3rdparty\openexr-1.7.0\ImfB44Compressor.cpp">
      <Filter>Source Files\EXR</Filter>
    </ClCompile>
    <ClCompile Include="3rdparty\openexr-1.7.0\ImfBoxAttribute.cpp">
      <Filter>Source Files\EXR</Filter>
    </ClCompile>
    <ClCompile Include="3rdparty\openexr-1.7.0\ImfChannelList.cpp">
      <Filter>Source Files\EXR</Filter>
    </ClCompile>
    <ClCompile Include="3rdparty\openexr-1.7.0\ImfChannelListAttribute.cpp">
      <Filter>Source Files\EXR</Filter>
    </ClCompile>
    <ClCompile Include="3rdparty\openexr-1.7.0\ImfChromaticities.cpp">
      <Filter>Source Files\EXR</Filter>
    </ClCompile>
    <ClCompile Include="3rdparty\openexr-1.7.0\ImfChromaticitiesAttribute.cpp">
      <Filter>Source Files\EXR</Filter>
    </ClCompile>
    <ClCompile Include="3rdparty\openexr-1.7.0\ImfCompressionAttribute.cpp">
      <Filter>Source Files\EXR</Filter>
    </ClCompile>
    <ClCompile Include="3rdparty\openexr-1.7.0\ImfCompressor.cpp">
      <Filter>Source Files\EXR</Filter>
    </ClCompile>
    <ClCompile Include="3rdparty\openexr-1.7.0\ImfConvert.cpp">
      <Filter>Source Files\EXR</Filter>
    </ClCompile>
    <ClCompile Include="3rdparty\openexr-1.7.0\ImfCRgbaFile.cpp">
      <Filter>Source Files\EXR</Filter>
    </ClCompile>
    <ClCompile Include="3rdparty\openexr-1.7.0\ImfDoubleAttribute.cpp">
      <Filter>Source Files\EXR</Filter>
    </ClCompile>
    <ClCompile Include="3rdparty\openexr-1.7.0\ImfEnvmap.cpp">
      <Filter>Source Files\EXR</Filter>
    </ClCompile>
    <ClCompile Include="3rdparty\openexr-1.7.0\ImfEnvmapAttribute.cpp">
      <Filter>Source Files\EXR</Filter>
    </ClCompile>
    <ClCompile Include="3rdparty\openexr-1.7.0\ImfFloatAttribute.cpp">
      <Filter>Source Files\EXR</Filter>
    </ClCompile>
    <ClCompile Include="3rdparty\openexr-1.7.0\ImfFrameBuffer.cpp">
      <Filter>Source Files\EXR</Filter>
    </ClCompile>
    <ClCompile Include="3rdparty\openexr-1.7.0\ImfFramesPerSecond.cpp">
      <Filter>Source Files\EXR</Filter>
    </ClCompile>
    <ClCompile Include="3rdparty\openexr-1.7.0\ImfHeader.cpp">
      <Filter>Source Files\EXR</Filter>
    </ClCompile>
    <ClCompile Include="3rdparty\openexr-1.7.0\ImfHuf.cpp">
      <Filter>Source Files\EXR</Filter>
    </ClCompile>
    <ClCompile Include="3rdparty\openexr-1.7.0\ImfInputFile.cpp">
      <Filter>Source Files\EXR</Filter>
    </ClCompile>
    <ClCompile Include="3rdparty\openexr-1.7.0\ImfIntAttribute.cpp">
      <Filter>Source Files\EXR</Filter>
    </ClCompile>
    <ClCompile Include="3rdparty\openexr-1.7.0\ImfIO.cpp">
      <Filter>Source Files\EXR</Filter>
    </ClCompile>
    <ClCompile Include="3rdparty\openexr-1.7.0\ImfKeyCode.cpp">
      <Filter>Source Files\EXR</Filter>
    </ClCompile>
    <ClCompile Include="3rdparty\openexr-1.7.0\ImfKeyCodeAttribute.cpp">
      <Filter>Source Files\EXR</Filter>
    </ClCompile>
    <ClCompile Include="3rdparty\openexr-1.7.0\ImfLineOrderAttribute.cpp">
      <Filter>Source Files\EXR</Filter>
    </ClCompile>
    <ClCompile Include="3rdparty\openexr-1.7.0\ImfLut.cpp">
      <Filter>Source Files\EXR</Filter>
    </ClCompile>
    <ClCompile Include="3rdparty\openexr-1.7.0\ImfMatrixAttribute.cpp">
      <Filter>Source Files\EXR</Filter>
    </ClCompile>
    <ClCompile Include="3rdparty\openexr-1.7.0\ImfMisc.cpp">
      <Filter>Source Files\EXR</Filter>
    </ClCompile>
    <ClCompile Include="3rdparty\openexr-1.7.0\ImfMultiView.cpp">
      <Filter>Source Files\EXR</Filter>
    </ClCompile>
    <ClCompile Include="3rdparty\openexr-1.7.0\ImfOpaqueAttribute.cpp">
      <Filter>Source Files\EXR</Filter>
    </ClCompile>
    <ClCompile Include="3rdparty\openexr-1.7.0\ImfOutputFile.cpp">
      <Filter>Source Files\EXR</Filter>
    </ClCompile>
    <ClCompile Include="3rdparty\openexr-1.7.0\ImfPizCompressor.cpp">
      <Filter>Source Files\EXR</Filter>
    </ClCompile>
    <ClCompile Include="3rdparty\openexr-1.7.0\ImfPreviewImage.cpp">
      <Filter>Source Files\EXR</Filter>
    </ClCompile>
    <ClCompile Include="3rdparty\openexr-1.7.0\ImfPreviewImageAttribute.cpp">
      <Filter>Source Files\EXR</Filter>
    </ClCompile>
    <ClCompile Include="3rdparty\openexr-1.7.0\ImfPxr24Compressor.cpp">
      <Filter>Source Files\EXR</Filter>
    </ClCompile>
    <ClCompile Include="3rdparty\openexr-1.7.0\ImfRational.cpp">
      <Filter>Source Files\EXR</Filter>
    </ClCompile>
    <ClCompile Include="3rdparty\openexr-1.7.0\ImfRationalAttribute.cpp">
      <Filter>Source Files\EXR</Filter>
    </ClCompile>
    <ClCompile Include="3rdparty\openexr-1.7.0\ImfRgbaFile.cpp">
      <Filter>Source Files\EXR</Filter>
    </ClCompile>
    <ClCompile Include="3rdparty\openexr-1.7.0\ImfRgbaYca.cpp">
      <Filter>Source Files\EXR</Filter>
    </ClCompile>
    <ClCompile Include="3rdparty\openexr-1.7.0\ImfRleCompressor.cpp">
      <Filter>Source Files\EXR</Filter>
    </ClCompile>
    <ClCompile Include="3rdparty\openexr-1.7.0\ImfScanLineInputFile.cpp">
      <Filter>Source Files\EXR</Filter>
    </ClCompile>
    <ClCompile Include="3rdparty\openexr-1.7.0\ImfStandardAttributes.cpp">
      <Filter>Source Files\EXR</Filter>
    </ClCompile>
    <ClCompile Include="3rdparty\openexr-1.7.0\ImfStdIO.cpp">
      <Filter>Source Files\EXR</Filter>
    </ClCompile>
    <ClCompile Include="3rdparty\openexr-1.7.0\ImfStringAttribute.cpp">
      <Filter>Source Files\EXR</Filter>
    </ClCompile>
    <ClCompile Include="3rdparty\openexr-1.7.0\ImfStringVectorAttribute.cpp">
      <Filter>Source Files\EXR</Filter>
    </ClCompile>
    <ClCompile Include="3rdparty\openexr-1.7.0\ImfTestFile.cpp">
      <Filter>Source Files\EXR</Filter>
    </ClCompile>
    <ClCompile Include="3rdparty\openexr-1.7.0\ImfThreading.cpp">
      <Filter>Source Files\EXR</Filter>
    </ClCompile>
    <ClCompile Include="3rdparty\openexr-1.7.0\ImfTileDescriptionAttribute.cpp">
      <Filter>Source Files\EXR</Filter>
    </ClCompile>
    <ClCompile Include="3rdparty\openexr-1.7.0\ImfTiledInputFile.cpp">
      <Filter>Source Files\EXR</Filter>
    </ClCompile>
    <ClCompile Include="3rdparty\openexr-1.7.0\ImfTiledMisc.cpp">
      <Filter>Source Files\EXR</Filter>
    </ClCompile>
    <ClCompile Include="3rdparty\openexr-1.7.0\ImfTiledOutputFile.cpp">
      <Filter>Source Files\EXR</Filter>
    </ClCompile>
    <ClCompile Include="3rdparty\openexr-1.7.0\ImfTiledRgbaFile.cpp">
      <Filter>Source Files\EXR</Filter>
    </ClCompile>
    <ClCompile Include="3rdparty\openexr-1.7.0\ImfTileOffsets.cpp">
      <Filter>Source Files\EXR</Filter>
    </ClCompile>
    <ClCompile Include="3rdparty\openexr-1.7.0\ImfTimeCode.cpp">
      <Filter>Source Files\EXR</Filter>
    </ClCompile>
    <ClCompile Include="3rdparty\openexr-1.7.0\ImfTimeCodeAttribute.cpp">
      <Filter>Source Files\EXR</Filter>
    </ClCompile>
    <ClCompile Include="3rdparty\openexr-1.7.0\ImfVecAttribute.cpp">
      <Filter>Source Files\EXR</Filter>
    </ClCompile>
    <ClCompile Include="3rdparty\openexr-1.7.0\ImfVersion.cpp">
      <Filter>Source Files\EXR</Filter>
    </ClCompile>
    <ClCompile Include="3rdparty\openexr-1.7.0\ImfWav.cpp">
      <Filter>Source Files\EXR</Filter>
    </ClCompile>
    <ClCompile Include="3rdparty\openexr-1.7.0\ImfZipCompressor.cpp">
      <Filter>Source Files\EXR</Filter>
    </ClCompile>
    <ClCompile Include="3rdparty\ilmbase-1.0.2\toFloat.cpp">
      <Filter>Source Files\EXR\ImBase</Filter>
    </ClCompile>
    <ClCompile Include="3rdparty\ilmbase-1.0.2\ImathVec.cpp">
      <Filter>Source Files\EXR\ImBase</Filter>
    </ClCompile>
    <ClCompile Include="3rdparty\ilmbase-1.0.2\ImathShear.cpp">
      <Filter>Source Files\EXR\ImBase</Filter>
    </ClCompile>
    <ClCompile Include="3rdparty\ilmbase-1.0.2\ImathRandom.cpp">
      <Filter>Source Files\EXR\ImBase</Filter>
    </ClCompile>
    <ClCompile Include="3rdparty\ilmbase-1.0.2\ImathMatrixAlgo.cpp">
      <Filter>Source Files\EXR\ImBase</Filter>
    </ClCompile>
    <ClCompile Include="3rdparty\ilmbase-1.0.2\ImathFun.cpp">
      <Filter>Source Files\EXR\ImBase</Filter>
    </ClCompile>
    <ClCompile Include="3rdparty\ilmbase-1.0.2\ImathColorAlgo.cpp">
      <Filter>Source Files\EXR\ImBase</Filter>
    </ClCompile>
    <ClCompile Include="3rdparty\ilmbase-1.0.2\ImathBox.cpp">
      <Filter>Source Files\EXR\ImBase</Filter>
    </ClCompile>
    <ClCompile Include="3rdparty\ilmbase-1.0.2\IlmThreadWin32.cpp">
      <Filter>Source Files\EXR\ImBase</Filter>
    </ClCompile>
    <ClCompile Include="3rdparty\ilmbase-1.0.2\IlmThreadSemaphoreWin32.cpp">
      <Filter>Source Files\EXR\ImBase</Filter>
    </ClCompile>
    <ClCompile Include="3rdparty\ilmbase-1.0.2\IlmThreadSemaphorePosixCompat.cpp">
      <Filter>Source Files\EXR\ImBase</Filter>
    </ClCompile>
    <ClCompile Include="3rdparty\ilmbase-1.0.2\IlmThreadSemaphorePosix.cpp">
      <Filter>Source Files\EXR\ImBase</Filter>
    </ClCompile>
    <ClCompile Include="3rdparty\ilmbase-1.0.2\IlmThreadSemaphore.cpp">
      <Filter>Source Files\EXR\ImBase</Filter>
    </ClCompile>
    <ClCompile Include="3rdparty\ilmbase-1.0.2\IlmThreadPosix.cpp">
      <Filter>Source Files\EXR\ImBase</Filter>
    </ClCompile>
    <ClCompile Include="3rdparty\ilmbase-1.0.2\IlmThreadPool.cpp">
      <Filter>Source Files\EXR\ImBase</Filter>
    </ClCompile>
    <ClCompile Include="3rdparty\ilmbase-1.0.2\IlmThreadMutexWin32.cpp">
      <Filter>Source Files\EXR\ImBase</Filter>
    </ClCompile>
    <ClCompile Include="3rdparty\ilmbase-1.0.2\IlmThreadMutexPosix.cpp">
      <Filter>Source Files\EXR\ImBase</Filter>
    </ClCompile>
    <ClCompile Include="3rdparty\ilmbase-1.0.2\IlmThreadMutex.cpp">
      <Filter>Source Files\EXR\ImBase</Filter>
    </ClCompile>
    <ClCompile Include="3rdparty\ilmbase-1.0.2\IlmThread.cpp">
      <Filter>Source Files\EXR\ImBase</Filter>
    </ClCompile>
    <ClCompile Include="3rdparty\ilmbase-1.0.2\IexThrowErrnoExc.cpp">
      <Filter>Source Files\EXR\ImBase</Filter>
    </ClCompile>
    <ClCompile Include="3rdparty\ilmbase-1.0.2\IexBaseExc.cpp">
      <Filter>Source Files\EXR\ImBase</Filter>
    </ClCompile>
    <ClCompile Include="3rdparty\ilmbase-1.0.2\half.cpp">
      <Filter>Source Files\EXR\ImBase</Filter>
    </ClCompile>
    <ClCompile Include="3rdparty\ilmbase-1.0.2\eLut.cpp">
      <Filter>Source Files\EXR\ImBase</Filter>
    </ClCompile>
    <ClCompile Include="LearnMSE.cpp">
      <Filter>Source Files</Filter>
    </ClCompile>
    <ClCompile Include="3rdparty\zlib-1.2.5\adler32.c">
      <Filter>Source Files\EXR\z-lib</Filter>
    </ClCompile>
    <ClCompile Include="3rdparty\zlib-1.2.5\compress.c">
      <Filter>Source Files\EXR\z-lib</Filter>
    </ClCompile>
    <ClCompile Include="3rdparty\zlib-1.2.5\crc32.c">
      <Filter>Source Files\EXR\z-lib</Filter>
    </ClCompile>
    <ClCompile Include="3rdparty\zlib-1.2.5\deflate.c">
      <Filter>Source Files\EXR\z-lib</Filter>
    </ClCompile>
    <ClCompile Include="3rdparty\zlib-1.2.5\example.c">
      <Filter>Source Files\EXR\z-lib</Filter>
    </ClCompile>
    <ClCompile Include="3rdparty\zlib-1.2.5\gzclose.c">
      <Filter>Source Files\EXR\z-lib</Filter>
    </ClCompile>
    <ClCompile Include="3rdparty\zlib-1.2.5\gzlib.c">
      <Filter>Source Files\EXR\z-lib</Filter>
    </ClCompile>
    <ClCompile Include="3rdparty\zlib-1.2.5\gzread.c">
      <Filter>Source Files\EXR\z-lib</Filter>
    </ClCompile>
    <ClCompile Include="3rdparty\zlib-1.2.5\gzwrite.c">
      <Filter>Source Files\EXR\z-lib</Filter>
    </ClCompile>
    <ClCompile Include="3rdparty\zlib-1.2.5\infback.c">
      <Filter>Source Files\EXR\z-lib</Filter>
    </ClCompile>
    <ClCompile Include="3rdparty\zlib-1.2.5\inffast.c">
      <Filter>Source Files\EXR\z-lib</Filter>
    </ClCompile>
    <ClCompile Include="3rdparty\zlib-1.2.5\inflate.c">
      <Filter>Source Files\EXR\z-lib</Filter>
    </ClCompile>
    <ClCompile Include="3rdparty\zlib-1.2.5\inftrees.c">
      <Filter>Source Files\EXR\z-lib</Filter>
    </ClCompile>
    <ClCompile Include="3rdparty\zlib-1.2.5\minigzip.c">
      <Filter>Source Files\EXR\z-lib</Filter>
    </ClCompile>
    <ClCompile Include="3rdparty\zlib-1.2.5\trees.c">
      <Filter>Source Files\EXR\z-lib</Filter>
    </ClCompile>
    <ClCompile Include="3rdparty\zlib-1.2.5\uncompr.c">
      <Filter>Source Files\EXR\z-lib</Filter>
    </ClCompile>
    <ClCompile Include="3rdparty\zlib-1.2.5\zutil.c">
      <Filter>Source Files\EXR\z-lib</Filter>
    </ClCompile>
  </ItemGroup>
  <ItemGroup>
    <CudaCompile Include="CudaKernels.cu">
      <Filter>Cuda</Filter>
    </CudaCompile>
  </ItemGroup>
  <ItemGroup>
    <None Include="CudaWrappers.cuh">
      <Filter>Cuda</Filter>
    </None>
  </ItemGroup>
</Project>